// !$*UTF8*$!
{
	archiveVersion = 1;
	classes = {
	};
	objectVersion = 46;
	objects = {

/* Begin PBXBuildFile section */
		6821E64A9599CBCFA422C5E8 /* libPods-CSKitDemo.a in Frameworks */ = {isa = PBXBuildFile; fileRef = FF9426CBE18EC6699235F41B /* libPods-CSKitDemo.a */; };
		E42E06781E29204E0016F062 /* main.m in Sources */ = {isa = PBXBuildFile; fileRef = E42E06771E29204E0016F062 /* main.m */; };
		E42E067B1E29204E0016F062 /* AppDelegate.m in Sources */ = {isa = PBXBuildFile; fileRef = E42E067A1E29204E0016F062 /* AppDelegate.m */; };
		E42E067E1E29204E0016F062 /* ViewController.m in Sources */ = {isa = PBXBuildFile; fileRef = E42E067D1E29204E0016F062 /* ViewController.m */; };
		E42E06811E29204E0016F062 /* Main.storyboard in Resources */ = {isa = PBXBuildFile; fileRef = E42E067F1E29204E0016F062 /* Main.storyboard */; };
		E42E06831E29204E0016F062 /* Assets.xcassets in Resources */ = {isa = PBXBuildFile; fileRef = E42E06821E29204E0016F062 /* Assets.xcassets */; };
		E42E06861E29204E0016F062 /* LaunchScreen.storyboard in Resources */ = {isa = PBXBuildFile; fileRef = E42E06841E29204E0016F062 /* LaunchScreen.storyboard */; };
		E42E06A01E2920E60016F062 /* CSBus.m in Sources */ = {isa = PBXBuildFile; fileRef = E42E06901E2920E60016F062 /* CSBus.m */; };
		E42E06A11E2920E60016F062 /* CSBusListener.m in Sources */ = {isa = PBXBuildFile; fileRef = E42E06921E2920E60016F062 /* CSBusListener.m */; };
		E42E06A21E2920E60016F062 /* CSBusMethodFinder.m in Sources */ = {isa = PBXBuildFile; fileRef = E42E06941E2920E60016F062 /* CSBusMethodFinder.m */; };
		E42E06A31E2920E60016F062 /* CSBusParserUtils.m in Sources */ = {isa = PBXBuildFile; fileRef = E42E06961E2920E60016F062 /* CSBusParserUtils.m */; };
		E42E06A41E2920E60016F062 /* CSEventProxy.m in Sources */ = {isa = PBXBuildFile; fileRef = E42E06981E2920E60016F062 /* CSEventProxy.m */; };
		E42E06A51E2920E60016F062 /* CSRouter.m in Sources */ = {isa = PBXBuildFile; fileRef = E42E069B1E2920E60016F062 /* CSRouter.m */; };
		E42E06A61E2920E60016F062 /* CServiceCenter.m in Sources */ = {isa = PBXBuildFile; fileRef = E42E069F1E2920E60016F062 /* CServiceCenter.m */; };
		E42E06A91E2921920016F062 /* NSURL+CSParams.m in Sources */ = {isa = PBXBuildFile; fileRef = E42E06A81E2921920016F062 /* NSURL+CSParams.m */; };
		E4383FE61E42A3D800BADA14 /* CSDiskCacheManager.m in Sources */ = {isa = PBXBuildFile; fileRef = E4383FE51E42A3D800BADA14 /* CSDiskCacheManager.m */; };
		E44C5D981E30C594004C5099 /* CSDownloader.m in Sources */ = {isa = PBXBuildFile; fileRef = E44C5D8F1E30C594004C5099 /* CSDownloader.m */; };
		E44C5D991E30C594004C5099 /* CSDownloadManager.m in Sources */ = {isa = PBXBuildFile; fileRef = E44C5D911E30C594004C5099 /* CSDownloadManager.m */; };
		E44C5D9A1E30C594004C5099 /* CSDownloadModel.m in Sources */ = {isa = PBXBuildFile; fileRef = E44C5D931E30C594004C5099 /* CSDownloadModel.m */; };
		E44C5D9B1E30C594004C5099 /* CSDownloadOperation.m in Sources */ = {isa = PBXBuildFile; fileRef = E44C5D951E30C594004C5099 /* CSDownloadOperation.m */; };
		E44C5D9C1E30C594004C5099 /* CSNetworkReachabilityManager.m in Sources */ = {isa = PBXBuildFile; fileRef = E44C5D971E30C594004C5099 /* CSNetworkReachabilityManager.m */; };
/* End PBXBuildFile section */

/* Begin PBXFileReference section */
		9182B3EE81D70D23483CB570 /* Pods-CSKitDemo.release.xcconfig */ = {isa = PBXFileReference; includeInIndex = 1; lastKnownFileType = text.xcconfig; name = "Pods-CSKitDemo.release.xcconfig"; path = "Pods/Target Support Files/Pods-CSKitDemo/Pods-CSKitDemo.release.xcconfig"; sourceTree = "<group>"; };
		C85C0FA1FCBB40DD3D710838 /* Pods-CSKitDemo.debug.xcconfig */ = {isa = PBXFileReference; includeInIndex = 1; lastKnownFileType = text.xcconfig; name = "Pods-CSKitDemo.debug.xcconfig"; path = "Pods/Target Support Files/Pods-CSKitDemo/Pods-CSKitDemo.debug.xcconfig"; sourceTree = "<group>"; };
		E42E06731E29204E0016F062 /* CSKitDemo.app */ = {isa = PBXFileReference; explicitFileType = wrapper.application; includeInIndex = 0; path = CSKitDemo.app; sourceTree = BUILT_PRODUCTS_DIR; };
		E42E06771E29204E0016F062 /* main.m */ = {isa = PBXFileReference; lastKnownFileType = sourcecode.c.objc; path = main.m; sourceTree = "<group>"; };
		E42E06791E29204E0016F062 /* AppDelegate.h */ = {isa = PBXFileReference; lastKnownFileType = sourcecode.c.h; path = AppDelegate.h; sourceTree = "<group>"; };
		E42E067A1E29204E0016F062 /* AppDelegate.m */ = {isa = PBXFileReference; lastKnownFileType = sourcecode.c.objc; path = AppDelegate.m; sourceTree = "<group>"; };
		E42E067C1E29204E0016F062 /* ViewController.h */ = {isa = PBXFileReference; lastKnownFileType = sourcecode.c.h; path = ViewController.h; sourceTree = "<group>"; };
		E42E067D1E29204E0016F062 /* ViewController.m */ = {isa = PBXFileReference; lastKnownFileType = sourcecode.c.objc; path = ViewController.m; sourceTree = "<group>"; };
		E42E06801E29204E0016F062 /* Base */ = {isa = PBXFileReference; lastKnownFileType = file.storyboard; name = Base; path = Base.lproj/Main.storyboard; sourceTree = "<group>"; };
		E42E06821E29204E0016F062 /* Assets.xcassets */ = {isa = PBXFileReference; lastKnownFileType = folder.assetcatalog; path = Assets.xcassets; sourceTree = "<group>"; };
		E42E06851E29204E0016F062 /* Base */ = {isa = PBXFileReference; lastKnownFileType = file.storyboard; name = Base; path = Base.lproj/LaunchScreen.storyboard; sourceTree = "<group>"; };
		E42E06871E29204E0016F062 /* Info.plist */ = {isa = PBXFileReference; lastKnownFileType = text.plist.xml; path = Info.plist; sourceTree = "<group>"; };
		E42E068F1E2920E60016F062 /* CSBus.h */ = {isa = PBXFileReference; fileEncoding = 4; lastKnownFileType = sourcecode.c.h; path = CSBus.h; sourceTree = "<group>"; };
		E42E06901E2920E60016F062 /* CSBus.m */ = {isa = PBXFileReference; fileEncoding = 4; lastKnownFileType = sourcecode.c.objc; path = CSBus.m; sourceTree = "<group>"; };
		E42E06911E2920E60016F062 /* CSBusListener.h */ = {isa = PBXFileReference; fileEncoding = 4; lastKnownFileType = sourcecode.c.h; path = CSBusListener.h; sourceTree = "<group>"; };
		E42E06921E2920E60016F062 /* CSBusListener.m */ = {isa = PBXFileReference; fileEncoding = 4; lastKnownFileType = sourcecode.c.objc; path = CSBusListener.m; sourceTree = "<group>"; };
		E42E06931E2920E60016F062 /* CSBusMethodFinder.h */ = {isa = PBXFileReference; fileEncoding = 4; lastKnownFileType = sourcecode.c.h; path = CSBusMethodFinder.h; sourceTree = "<group>"; };
		E42E06941E2920E60016F062 /* CSBusMethodFinder.m */ = {isa = PBXFileReference; fileEncoding = 4; lastKnownFileType = sourcecode.c.objc; path = CSBusMethodFinder.m; sourceTree = "<group>"; };
		E42E06951E2920E60016F062 /* CSBusParserUtils.h */ = {isa = PBXFileReference; fileEncoding = 4; lastKnownFileType = sourcecode.c.h; path = CSBusParserUtils.h; sourceTree = "<group>"; };
		E42E06961E2920E60016F062 /* CSBusParserUtils.m */ = {isa = PBXFileReference; fileEncoding = 4; lastKnownFileType = sourcecode.c.objc; path = CSBusParserUtils.m; sourceTree = "<group>"; };
		E42E06971E2920E60016F062 /* CSEventProxy.h */ = {isa = PBXFileReference; fileEncoding = 4; lastKnownFileType = sourcecode.c.h; path = CSEventProxy.h; sourceTree = "<group>"; };
		E42E06981E2920E60016F062 /* CSEventProxy.m */ = {isa = PBXFileReference; fileEncoding = 4; lastKnownFileType = sourcecode.c.objc; path = CSEventProxy.m; sourceTree = "<group>"; };
		E42E069A1E2920E60016F062 /* CSRouter.h */ = {isa = PBXFileReference; fileEncoding = 4; lastKnownFileType = sourcecode.c.h; path = CSRouter.h; sourceTree = "<group>"; };
		E42E069B1E2920E60016F062 /* CSRouter.m */ = {isa = PBXFileReference; fileEncoding = 4; lastKnownFileType = sourcecode.c.objc; path = CSRouter.m; sourceTree = "<group>"; };
		E42E069E1E2920E60016F062 /* CServiceCenter.h */ = {isa = PBXFileReference; fileEncoding = 4; lastKnownFileType = sourcecode.c.h; path = CServiceCenter.h; sourceTree = "<group>"; };
		E42E069F1E2920E60016F062 /* CServiceCenter.m */ = {isa = PBXFileReference; fileEncoding = 4; lastKnownFileType = sourcecode.c.objc; path = CServiceCenter.m; sourceTree = "<group>"; };
		E42E06A71E2921920016F062 /* NSURL+CSParams.h */ = {isa = PBXFileReference; fileEncoding = 4; lastKnownFileType = sourcecode.c.h; path = "NSURL+CSParams.h"; sourceTree = "<group>"; };
		E42E06A81E2921920016F062 /* NSURL+CSParams.m */ = {isa = PBXFileReference; fileEncoding = 4; lastKnownFileType = sourcecode.c.objc; path = "NSURL+CSParams.m"; sourceTree = "<group>"; };
		E4383FE41E42A3D800BADA14 /* CSDiskCacheManager.h */ = {isa = PBXFileReference; fileEncoding = 4; lastKnownFileType = sourcecode.c.h; path = CSDiskCacheManager.h; sourceTree = "<group>"; };
		E4383FE51E42A3D800BADA14 /* CSDiskCacheManager.m */ = {isa = PBXFileReference; fileEncoding = 4; lastKnownFileType = sourcecode.c.objc; path = CSDiskCacheManager.m; sourceTree = "<group>"; };
		E44C5D8B1E30BD9E004C5099 /* CSKit.h */ = {isa = PBXFileReference; lastKnownFileType = sourcecode.c.h; path = CSKit.h; sourceTree = "<group>"; };
		E44C5D8C1E30BFBD004C5099 /* CSKitMacro.h */ = {isa = PBXFileReference; lastKnownFileType = sourcecode.c.h; path = CSKitMacro.h; sourceTree = "<group>"; };
		E44C5D8E1E30C594004C5099 /* CSDownloader.h */ = {isa = PBXFileReference; fileEncoding = 4; lastKnownFileType = sourcecode.c.h; path = CSDownloader.h; sourceTree = "<group>"; };
		E44C5D8F1E30C594004C5099 /* CSDownloader.m */ = {isa = PBXFileReference; fileEncoding = 4; lastKnownFileType = sourcecode.c.objc; path = CSDownloader.m; sourceTree = "<group>"; };
		E44C5D901E30C594004C5099 /* CSDownloadManager.h */ = {isa = PBXFileReference; fileEncoding = 4; lastKnownFileType = sourcecode.c.h; path = CSDownloadManager.h; sourceTree = "<group>"; };
		E44C5D911E30C594004C5099 /* CSDownloadManager.m */ = {isa = PBXFileReference; fileEncoding = 4; lastKnownFileType = sourcecode.c.objc; path = CSDownloadManager.m; sourceTree = "<group>"; };
		E44C5D921E30C594004C5099 /* CSDownloadModel.h */ = {isa = PBXFileReference; fileEncoding = 4; lastKnownFileType = sourcecode.c.h; path = CSDownloadModel.h; sourceTree = "<group>"; };
		E44C5D931E30C594004C5099 /* CSDownloadModel.m */ = {isa = PBXFileReference; fileEncoding = 4; lastKnownFileType = sourcecode.c.objc; path = CSDownloadModel.m; sourceTree = "<group>"; };
		E44C5D941E30C594004C5099 /* CSDownloadOperation.h */ = {isa = PBXFileReference; fileEncoding = 4; lastKnownFileType = sourcecode.c.h; path = CSDownloadOperation.h; sourceTree = "<group>"; };
		E44C5D951E30C594004C5099 /* CSDownloadOperation.m */ = {isa = PBXFileReference; fileEncoding = 4; lastKnownFileType = sourcecode.c.objc; path = CSDownloadOperation.m; sourceTree = "<group>"; };
		E44C5D961E30C594004C5099 /* CSNetworkReachabilityManager.h */ = {isa = PBXFileReference; fileEncoding = 4; lastKnownFileType = sourcecode.c.h; path = CSNetworkReachabilityManager.h; sourceTree = "<group>"; };
		E44C5D971E30C594004C5099 /* CSNetworkReachabilityManager.m */ = {isa = PBXFileReference; fileEncoding = 4; lastKnownFileType = sourcecode.c.objc; path = CSNetworkReachabilityManager.m; sourceTree = "<group>"; };
		FF9426CBE18EC6699235F41B /* libPods-CSKitDemo.a */ = {isa = PBXFileReference; explicitFileType = archive.ar; includeInIndex = 0; path = "libPods-CSKitDemo.a"; sourceTree = BUILT_PRODUCTS_DIR; };
/* End PBXFileReference section */

/* Begin PBXFrameworksBuildPhase section */
		E42E06701E29204E0016F062 /* Frameworks */ = {
			isa = PBXFrameworksBuildPhase;
			buildActionMask = 2147483647;
			files = (
				6821E64A9599CBCFA422C5E8 /* libPods-CSKitDemo.a in Frameworks */,
			);
			runOnlyForDeploymentPostprocessing = 0;
		};
/* End PBXFrameworksBuildPhase section */

/* Begin PBXGroup section */
		275487F3E88B53EB66899E23 /* Pods */ = {
			isa = PBXGroup;
			children = (
				C85C0FA1FCBB40DD3D710838 /* Pods-CSKitDemo.debug.xcconfig */,
				9182B3EE81D70D23483CB570 /* Pods-CSKitDemo.release.xcconfig */,
			);
			name = Pods;
			sourceTree = "<group>";
		};
		A32AF8637CD8BAC154893C54 /* Frameworks */ = {
			isa = PBXGroup;
			children = (
				FF9426CBE18EC6699235F41B /* libPods-CSKitDemo.a */,
			);
			name = Frameworks;
			sourceTree = "<group>";
		};
		E42E066A1E29204E0016F062 = {
			isa = PBXGroup;
			children = (
				E42E068D1E2920E60016F062 /* CSKit */,
				E42E06751E29204E0016F062 /* CSKitDemo */,
				E42E06741E29204E0016F062 /* Products */,
				275487F3E88B53EB66899E23 /* Pods */,
				A32AF8637CD8BAC154893C54 /* Frameworks */,
			);
			sourceTree = "<group>";
		};
		E42E06741E29204E0016F062 /* Products */ = {
			isa = PBXGroup;
			children = (
				E42E06731E29204E0016F062 /* CSKitDemo.app */,
			);
			name = Products;
			sourceTree = "<group>";
		};
		E42E06751E29204E0016F062 /* CSKitDemo */ = {
			isa = PBXGroup;
			children = (
				E42E06791E29204E0016F062 /* AppDelegate.h */,
				E42E067A1E29204E0016F062 /* AppDelegate.m */,
				E42E067C1E29204E0016F062 /* ViewController.h */,
				E42E067D1E29204E0016F062 /* ViewController.m */,
				E42E067F1E29204E0016F062 /* Main.storyboard */,
				E42E06821E29204E0016F062 /* Assets.xcassets */,
				E42E06841E29204E0016F062 /* LaunchScreen.storyboard */,
				E42E06871E29204E0016F062 /* Info.plist */,
				E42E06761E29204E0016F062 /* Supporting Files */,
			);
			path = CSKitDemo;
			sourceTree = "<group>";
		};
		E42E06761E29204E0016F062 /* Supporting Files */ = {
			isa = PBXGroup;
			children = (
				E42E06771E29204E0016F062 /* main.m */,
			);
			name = "Supporting Files";
			sourceTree = "<group>";
		};
		E42E068D1E2920E60016F062 /* CSKit */ = {
			isa = PBXGroup;
			children = (
				E44C5D8D1E30C594004C5099 /* Download */,
				E42E068E1E2920E60016F062 /* Bus */,
				E42E06991E2920E60016F062 /* Router */,
				E42E069C1E2920E60016F062 /* ServiceCenter */,
				E44C5D8B1E30BD9E004C5099 /* CSKit.h */,
				E44C5D8C1E30BFBD004C5099 /* CSKitMacro.h */,
			);
			name = CSKit;
			path = ../CSKit;
			sourceTree = "<group>";
		};
		E42E068E1E2920E60016F062 /* Bus */ = {
			isa = PBXGroup;
			children = (
				E42E068F1E2920E60016F062 /* CSBus.h */,
				E42E06901E2920E60016F062 /* CSBus.m */,
				E42E06911E2920E60016F062 /* CSBusListener.h */,
				E42E06921E2920E60016F062 /* CSBusListener.m */,
				E42E06931E2920E60016F062 /* CSBusMethodFinder.h */,
				E42E06941E2920E60016F062 /* CSBusMethodFinder.m */,
				E42E06951E2920E60016F062 /* CSBusParserUtils.h */,
				E42E06961E2920E60016F062 /* CSBusParserUtils.m */,
				E42E06971E2920E60016F062 /* CSEventProxy.h */,
				E42E06981E2920E60016F062 /* CSEventProxy.m */,
			);
			path = Bus;
			sourceTree = "<group>";
		};
		E42E06991E2920E60016F062 /* Router */ = {
			isa = PBXGroup;
			children = (
				E42E069A1E2920E60016F062 /* CSRouter.h */,
				E42E069B1E2920E60016F062 /* CSRouter.m */,
				E42E06A71E2921920016F062 /* NSURL+CSParams.h */,
				E42E06A81E2921920016F062 /* NSURL+CSParams.m */,
			);
			path = Router;
			sourceTree = "<group>";
		};
		E42E069C1E2920E60016F062 /* ServiceCenter */ = {
			isa = PBXGroup;
			children = (
				E42E069E1E2920E60016F062 /* CServiceCenter.h */,
				E42E069F1E2920E60016F062 /* CServiceCenter.m */,
			);
			path = ServiceCenter;
			sourceTree = "<group>";
		};
		E44C5D8D1E30C594004C5099 /* Download */ = {
			isa = PBXGroup;
			children = (
				E4383FE41E42A3D800BADA14 /* CSDiskCacheManager.h */,
				E4383FE51E42A3D800BADA14 /* CSDiskCacheManager.m */,
				E44C5D8E1E30C594004C5099 /* CSDownloader.h */,
				E44C5D8F1E30C594004C5099 /* CSDownloader.m */,
				E44C5D901E30C594004C5099 /* CSDownloadManager.h */,
				E44C5D911E30C594004C5099 /* CSDownloadManager.m */,
				E44C5D921E30C594004C5099 /* CSDownloadModel.h */,
				E44C5D931E30C594004C5099 /* CSDownloadModel.m */,
				E44C5D941E30C594004C5099 /* CSDownloadOperation.h */,
				E44C5D951E30C594004C5099 /* CSDownloadOperation.m */,
				E44C5D961E30C594004C5099 /* CSNetworkReachabilityManager.h */,
				E44C5D971E30C594004C5099 /* CSNetworkReachabilityManager.m */,
			);
			path = Download;
			sourceTree = "<group>";
		};
/* End PBXGroup section */

/* Begin PBXNativeTarget section */
		E42E06721E29204E0016F062 /* CSKitDemo */ = {
			isa = PBXNativeTarget;
			buildConfigurationList = E42E068A1E29204E0016F062 /* Build configuration list for PBXNativeTarget "CSKitDemo" */;
			buildPhases = (
				F0506E56C913380949EA2712 /* [CP] Check Pods Manifest.lock */,
				E42E066F1E29204E0016F062 /* Sources */,
				E42E06701E29204E0016F062 /* Frameworks */,
				E42E06711E29204E0016F062 /* Resources */,
				740296F62D6A4AB90C459023 /* [CP] Embed Pods Frameworks */,
				EA8F87AB83BEA82DE546244E /* [CP] Copy Pods Resources */,
			);
			buildRules = (
			);
			dependencies = (
			);
			name = CSKitDemo;
			productName = CSKitDemo;
			productReference = E42E06731E29204E0016F062 /* CSKitDemo.app */;
			productType = "com.apple.product-type.application";
		};
/* End PBXNativeTarget section */

/* Begin PBXProject section */
		E42E066B1E29204E0016F062 /* Project object */ = {
			isa = PBXProject;
			attributes = {
				LastUpgradeCheck = 0820;
				ORGANIZATIONNAME = Personal;
				TargetAttributes = {
					E42E06721E29204E0016F062 = {
						CreatedOnToolsVersion = 8.2.1;
						DevelopmentTeam = 62CX57WQN3;
						ProvisioningStyle = Automatic;
					};
				};
			};
			buildConfigurationList = E42E066E1E29204E0016F062 /* Build configuration list for PBXProject "CSKitDemo" */;
			compatibilityVersion = "Xcode 3.2";
			developmentRegion = English;
			hasScannedForEncodings = 0;
			knownRegions = (
				en,
				Base,
			);
			mainGroup = E42E066A1E29204E0016F062;
			productRefGroup = E42E06741E29204E0016F062 /* Products */;
			projectDirPath = "";
			projectRoot = "";
			targets = (
				E42E06721E29204E0016F062 /* CSKitDemo */,
			);
		};
/* End PBXProject section */

/* Begin PBXResourcesBuildPhase section */
		E42E06711E29204E0016F062 /* Resources */ = {
			isa = PBXResourcesBuildPhase;
			buildActionMask = 2147483647;
			files = (
				E42E06861E29204E0016F062 /* LaunchScreen.storyboard in Resources */,
				E42E06831E29204E0016F062 /* Assets.xcassets in Resources */,
				E42E06811E29204E0016F062 /* Main.storyboard in Resources */,
			);
			runOnlyForDeploymentPostprocessing = 0;
		};
/* End PBXResourcesBuildPhase section */

/* Begin PBXShellScriptBuildPhase section */
		740296F62D6A4AB90C459023 /* [CP] Embed Pods Frameworks */ = {
			isa = PBXShellScriptBuildPhase;
			buildActionMask = 2147483647;
			files = (
			);
			inputPaths = (
			);
			name = "[CP] Embed Pods Frameworks";
			outputPaths = (
			);
			runOnlyForDeploymentPostprocessing = 0;
			shellPath = /bin/sh;
			shellScript = "\"${SRCROOT}/Pods/Target Support Files/Pods-CSKitDemo/Pods-CSKitDemo-frameworks.sh\"\n";
			showEnvVarsInLog = 0;
		};
		EA8F87AB83BEA82DE546244E /* [CP] Copy Pods Resources */ = {
			isa = PBXShellScriptBuildPhase;
			buildActionMask = 2147483647;
			files = (
			);
			inputPaths = (
			);
			name = "[CP] Copy Pods Resources";
			outputPaths = (
			);
			runOnlyForDeploymentPostprocessing = 0;
			shellPath = /bin/sh;
			shellScript = "\"${SRCROOT}/Pods/Target Support Files/Pods-CSKitDemo/Pods-CSKitDemo-resources.sh\"\n";
			showEnvVarsInLog = 0;
		};
		F0506E56C913380949EA2712 /* [CP] Check Pods Manifest.lock */ = {
			isa = PBXShellScriptBuildPhase;
			buildActionMask = 2147483647;
			files = (
			);
			inputPaths = (
			);
			name = "[CP] Check Pods Manifest.lock";
			outputPaths = (
			);
			runOnlyForDeploymentPostprocessing = 0;
			shellPath = /bin/sh;
			shellScript = "diff \"${PODS_ROOT}/../Podfile.lock\" \"${PODS_ROOT}/Manifest.lock\" > /dev/null\nif [ $? != 0 ] ; then\n    # print error to STDERR\n    echo \"error: The sandbox is not in sync with the Podfile.lock. Run 'pod install' or update your CocoaPods installation.\" >&2\n    exit 1\nfi\n";
			showEnvVarsInLog = 0;
		};
/* End PBXShellScriptBuildPhase section */

/* Begin PBXSourcesBuildPhase section */
		E42E066F1E29204E0016F062 /* Sources */ = {
			isa = PBXSourcesBuildPhase;
			buildActionMask = 2147483647;
			files = (
				E42E06A01E2920E60016F062 /* CSBus.m in Sources */,
				E42E06A51E2920E60016F062 /* CSRouter.m in Sources */,
				E42E067E1E29204E0016F062 /* ViewController.m in Sources */,
				E42E06A91E2921920016F062 /* NSURL+CSParams.m in Sources */,
				E42E067B1E29204E0016F062 /* AppDelegate.m in Sources */,
				E44C5D9C1E30C594004C5099 /* CSNetworkReachabilityManager.m in Sources */,
				E42E06A61E2920E60016F062 /* CServiceCenter.m in Sources */,
				E44C5D981E30C594004C5099 /* CSDownloader.m in Sources */,
				E4383FE61E42A3D800BADA14 /* CSDiskCacheManager.m in Sources */,
				E42E06A31E2920E60016F062 /* CSBusParserUtils.m in Sources */,
				E42E06A21E2920E60016F062 /* CSBusMethodFinder.m in Sources */,
				E42E06A41E2920E60016F062 /* CSEventProxy.m in Sources */,
				E42E06A11E2920E60016F062 /* CSBusListener.m in Sources */,
				E44C5D9A1E30C594004C5099 /* CSDownloadModel.m in Sources */,
				E44C5D991E30C594004C5099 /* CSDownloadManager.m in Sources */,
				E42E06781E29204E0016F062 /* main.m in Sources */,
				E44C5D9B1E30C594004C5099 /* CSDownloadOperation.m in Sources */,
			);
			runOnlyForDeploymentPostprocessing = 0;
		};
/* End PBXSourcesBuildPhase section */

/* Begin PBXVariantGroup section */
		E42E067F1E29204E0016F062 /* Main.storyboard */ = {
			isa = PBXVariantGroup;
			children = (
				E42E06801E29204E0016F062 /* Base */,
			);
			name = Main.storyboard;
			sourceTree = "<group>";
		};
		E42E06841E29204E0016F062 /* LaunchScreen.storyboard */ = {
			isa = PBXVariantGroup;
			children = (
				E42E06851E29204E0016F062 /* Base */,
			);
			name = LaunchScreen.storyboard;
			sourceTree = "<group>";
		};
/* End PBXVariantGroup section */

/* Begin XCBuildConfiguration section */
		E42E06881E29204E0016F062 /* Debug */ = {
			isa = XCBuildConfiguration;
			buildSettings = {
				ALWAYS_SEARCH_USER_PATHS = NO;
				CLANG_ANALYZER_NONNULL = YES;
				CLANG_CXX_LANGUAGE_STANDARD = "gnu++0x";
				CLANG_CXX_LIBRARY = "libc++";
				CLANG_ENABLE_MODULES = YES;
				CLANG_ENABLE_OBJC_ARC = YES;
				CLANG_WARN_BOOL_CONVERSION = YES;
				CLANG_WARN_CONSTANT_CONVERSION = YES;
				CLANG_WARN_DIRECT_OBJC_ISA_USAGE = YES_ERROR;
				CLANG_WARN_DOCUMENTATION_COMMENTS = YES;
				CLANG_WARN_EMPTY_BODY = YES;
				CLANG_WARN_ENUM_CONVERSION = YES;
				CLANG_WARN_INFINITE_RECURSION = YES;
				CLANG_WARN_INT_CONVERSION = YES;
				CLANG_WARN_OBJC_ROOT_CLASS = YES_ERROR;
				CLANG_WARN_SUSPICIOUS_MOVE = YES;
				CLANG_WARN_UNREACHABLE_CODE = YES;
				CLANG_WARN__DUPLICATE_METHOD_MATCH = YES;
				"CODE_SIGN_IDENTITY[sdk=iphoneos*]" = "iPhone Developer";
				COPY_PHASE_STRIP = NO;
				DEBUG_INFORMATION_FORMAT = dwarf;
				ENABLE_STRICT_OBJC_MSGSEND = YES;
				ENABLE_TESTABILITY = YES;
				GCC_C_LANGUAGE_STANDARD = gnu99;
				GCC_DYNAMIC_NO_PIC = NO;
				GCC_NO_COMMON_BLOCKS = YES;
				GCC_OPTIMIZATION_LEVEL = 0;
				GCC_PREPROCESSOR_DEFINITIONS = (
					"DEBUG=1",
					"$(inherited)",
				);
				GCC_WARN_64_TO_32_BIT_CONVERSION = YES;
				GCC_WARN_ABOUT_RETURN_TYPE = YES_ERROR;
				GCC_WARN_UNDECLARED_SELECTOR = YES;
				GCC_WARN_UNINITIALIZED_AUTOS = YES_AGGRESSIVE;
				GCC_WARN_UNUSED_FUNCTION = YES;
				GCC_WARN_UNUSED_VARIABLE = YES;
				IPHONEOS_DEPLOYMENT_TARGET = 8.0;
				MTL_ENABLE_DEBUG_INFO = YES;
				ONLY_ACTIVE_ARCH = YES;
				SDKROOT = iphoneos;
				TARGETED_DEVICE_FAMILY = "1,2";
			};
			name = Debug;
		};
		E42E06891E29204E0016F062 /* Release */ = {
			isa = XCBuildConfiguration;
			buildSettings = {
				ALWAYS_SEARCH_USER_PATHS = NO;
				CLANG_ANALYZER_NONNULL = YES;
				CLANG_CXX_LANGUAGE_STANDARD = "gnu++0x";
				CLANG_CXX_LIBRARY = "libc++";
				CLANG_ENABLE_MODULES = YES;
				CLANG_ENABLE_OBJC_ARC = YES;
				CLANG_WARN_BOOL_CONVERSION = YES;
				CLANG_WARN_CONSTANT_CONVERSION = YES;
				CLANG_WARN_DIRECT_OBJC_ISA_USAGE = YES_ERROR;
				CLANG_WARN_DOCUMENTATION_COMMENTS = YES;
				CLANG_WARN_EMPTY_BODY = YES;
				CLANG_WARN_ENUM_CONVERSION = YES;
				CLANG_WARN_INFINITE_RECURSION = YES;
				CLANG_WARN_INT_CONVERSION = YES;
				CLANG_WARN_OBJC_ROOT_CLASS = YES_ERROR;
				CLANG_WARN_SUSPICIOUS_MOVE = YES;
				CLANG_WARN_UNREACHABLE_CODE = YES;
				CLANG_WARN__DUPLICATE_METHOD_MATCH = YES;
				"CODE_SIGN_IDENTITY[sdk=iphoneos*]" = "iPhone Developer";
				COPY_PHASE_STRIP = NO;
				DEBUG_INFORMATION_FORMAT = "dwarf-with-dsym";
				ENABLE_NS_ASSERTIONS = NO;
				ENABLE_STRICT_OBJC_MSGSEND = YES;
				GCC_C_LANGUAGE_STANDARD = gnu99;
				GCC_NO_COMMON_BLOCKS = YES;
				GCC_WARN_64_TO_32_BIT_CONVERSION = YES;
				GCC_WARN_ABOUT_RETURN_TYPE = YES_ERROR;
				GCC_WARN_UNDECLARED_SELECTOR = YES;
				GCC_WARN_UNINITIALIZED_AUTOS = YES_AGGRESSIVE;
				GCC_WARN_UNUSED_FUNCTION = YES;
				GCC_WARN_UNUSED_VARIABLE = YES;
				IPHONEOS_DEPLOYMENT_TARGET = 8.0;
				MTL_ENABLE_DEBUG_INFO = NO;
				SDKROOT = iphoneos;
				TARGETED_DEVICE_FAMILY = "1,2";
				VALIDATE_PRODUCT = YES;
			};
			name = Release;
		};
		E42E068B1E29204E0016F062 /* Debug */ = {
			isa = XCBuildConfiguration;
			baseConfigurationReference = C85C0FA1FCBB40DD3D710838 /* Pods-CSKitDemo.debug.xcconfig */;
			buildSettings = {
				ASSETCATALOG_COMPILER_APPICON_NAME = AppIcon;
				DEVELOPMENT_TEAM = 62CX57WQN3;
				INFOPLIST_FILE = CSKitDemo/Info.plist;
				LD_RUNPATH_SEARCH_PATHS = "$(inherited) @executable_path/Frameworks";
				PRODUCT_BUNDLE_IDENTIFIER = xyz.chaisong.CSKitDemo;
				PRODUCT_NAME = "$(TARGET_NAME)";
			};
			name = Debug;
		};
		E42E068C1E29204E0016F062 /* Release */ = {
			isa = XCBuildConfiguration;
			baseConfigurationReference = 9182B3EE81D70D23483CB570 /* Pods-CSKitDemo.release.xcconfig */;
			buildSettings = {
				ASSETCATALOG_COMPILER_APPICON_NAME = AppIcon;
				DEVELOPMENT_TEAM = 62CX57WQN3;
				INFOPLIST_FILE = CSKitDemo/Info.plist;
				LD_RUNPATH_SEARCH_PATHS = "$(inherited) @executable_path/Frameworks";
				PRODUCT_BUNDLE_IDENTIFIER = xyz.chaisong.CSKitDemo;
				PRODUCT_NAME = "$(TARGET_NAME)";
			};
			name = Release;
		};
/* End XCBuildConfiguration section */

/* Begin XCConfigurationList section */
		E42E066E1E29204E0016F062 /* Build configuration list for PBXProject "CSKitDemo" */ = {
			isa = XCConfigurationList;
			buildConfigurations = (
				E42E06881E29204E0016F062 /* Debug */,
				E42E06891E29204E0016F062 /* Release */,
			);
			defaultConfigurationIsVisible = 0;
			defaultConfigurationName = Release;
		};
		E42E068A1E29204E0016F062 /* Build configuration list for PBXNativeTarget "CSKitDemo" */ = {
			isa = XCConfigurationList;
			buildConfigurations = (
				E42E068B1E29204E0016F062 /* Debug */,
				E42E068C1E29204E0016F062 /* Release */,
			);
			defaultConfigurationIsVisible = 0;
			defaultConfigurationName = Release;
		};
/* End XCConfigurationList section */
	};
	rootObject = E42E066B1E29204E0016F062 /* Project object */;
}
